// !$*UTF8*$!
{
	archiveVersion = 1;
	classes = {
	};
	objectVersion = 50;
	objects = {

/* Begin PBXBuildFile section */
		560F282F223AA4FD00C97A14 /* AppDelegate.swift in Sources */ = {isa = PBXBuildFile; fileRef = 560F282E223AA4FD00C97A14 /* AppDelegate.swift */; };
		560F2831223AA4FD00C97A14 /* ViewController.swift in Sources */ = {isa = PBXBuildFile; fileRef = 560F2830223AA4FD00C97A14 /* ViewController.swift */; };
		560F2834223AA4FD00C97A14 /* Main.storyboard in Resources */ = {isa = PBXBuildFile; fileRef = 560F2832223AA4FD00C97A14 /* Main.storyboard */; };
		560F2836223AA4FF00C97A14 /* Assets.xcassets in Resources */ = {isa = PBXBuildFile; fileRef = 560F2835223AA4FF00C97A14 /* Assets.xcassets */; };
		560F2839223AA4FF00C97A14 /* LaunchScreen.storyboard in Resources */ = {isa = PBXBuildFile; fileRef = 560F2837223AA4FF00C97A14 /* LaunchScreen.storyboard */; };
		560F2844223AA4FF00C97A14 /* AgeAppTests.swift in Sources */ = {isa = PBXBuildFile; fileRef = 560F2843223AA4FF00C97A14 /* AgeAppTests.swift */; };
		560F284F223AA4FF00C97A14 /* AgeAppUITests.swift in Sources */ = {isa = PBXBuildFile; fileRef = 560F284E223AA4FF00C97A14 /* AgeAppUITests.swift */; };
/* End PBXBuildFile section */

/* Begin PBXContainerItemProxy section */
		560F2840223AA4FF00C97A14 /* PBXContainerItemProxy */ = {
			isa = PBXContainerItemProxy;
			containerPortal = 560F2823223AA4FD00C97A14 /* Project object */;
			proxyType = 1;
			remoteGlobalIDString = 560F282A223AA4FD00C97A14;
			remoteInfo = AgeApp;
		};
		560F284B223AA4FF00C97A14 /* PBXContainerItemProxy */ = {
			isa = PBXContainerItemProxy;
			containerPortal = 560F2823223AA4FD00C97A14 /* Project object */;
			proxyType = 1;
			remoteGlobalIDString = 560F282A223AA4FD00C97A14;
			remoteInfo = AgeApp;
		};
/* End PBXContainerItemProxy section */

/* Begin PBXFileReference section */
		560F282B223AA4FD00C97A14 /* AgeApp.app */ = {isa = PBXFileReference; explicitFileType = wrapper.application; includeInIndex = 0; path = AgeApp.app; sourceTree = BUILT_PRODUCTS_DIR; };
		560F282E223AA4FD00C97A14 /* AppDelegate.swift */ = {isa = PBXFileReference; lastKnownFileType = sourcecode.swift; path = AppDelegate.swift; sourceTree = "<group>"; };
		560F2830223AA4FD00C97A14 /* ViewController.swift */ = {isa = PBXFileReference; lastKnownFileType = sourcecode.swift; path = ViewController.swift; sourceTree = "<group>"; };
		560F2833223AA4FD00C97A14 /* Base */ = {isa = PBXFileReference; lastKnownFileType = file.storyboard; name = Base; path = Base.lproj/Main.storyboard; sourceTree = "<group>"; };
		560F2835223AA4FF00C97A14 /* Assets.xcassets */ = {isa = PBXFileReference; lastKnownFileType = folder.assetcatalog; path = Assets.xcassets; sourceTree = "<group>"; };
		560F2838223AA4FF00C97A14 /* Base */ = {isa = PBXFileReference; lastKnownFileType = file.storyboard; name = Base; path = Base.lproj/LaunchScreen.storyboard; sourceTree = "<group>"; };
		560F283A223AA4FF00C97A14 /* Info.plist */ = {isa = PBXFileReference; lastKnownFileType = text.plist.xml; path = Info.plist; sourceTree = "<group>"; };
		560F283F223AA4FF00C97A14 /* AgeAppTests.xctest */ = {isa = PBXFileReference; explicitFileType = wrapper.cfbundle; includeInIndex = 0; path = AgeAppTests.xctest; sourceTree = BUILT_PRODUCTS_DIR; };
		560F2843223AA4FF00C97A14 /* AgeAppTests.swift */ = {isa = PBXFileReference; lastKnownFileType = sourcecode.swift; path = AgeAppTests.swift; sourceTree = "<group>"; };
		560F2845223AA4FF00C97A14 /* Info.plist */ = {isa = PBXFileReference; lastKnownFileType = text.plist.xml; path = Info.plist; sourceTree = "<group>"; };
		560F284A223AA4FF00C97A14 /* AgeAppUITests.xctest */ = {isa = PBXFileReference; explicitFileType = wrapper.cfbundle; includeInIndex = 0; path = AgeAppUITests.xctest; sourceTree = BUILT_PRODUCTS_DIR; };
		560F284E223AA4FF00C97A14 /* AgeAppUITests.swift */ = {isa = PBXFileReference; lastKnownFileType = sourcecode.swift; path = AgeAppUITests.swift; sourceTree = "<group>"; };
		560F2850223AA4FF00C97A14 /* Info.plist */ = {isa = PBXFileReference; lastKnownFileType = text.plist.xml; path = Info.plist; sourceTree = "<group>"; };
/* End PBXFileReference section */

/* Begin PBXFrameworksBuildPhase section */
		560F2828223AA4FD00C97A14 /* Frameworks */ = {
			isa = PBXFrameworksBuildPhase;
			buildActionMask = 2147483647;
			files = (
			);
			runOnlyForDeploymentPostprocessing = 0;
		};
		560F283C223AA4FF00C97A14 /* Frameworks */ = {
			isa = PBXFrameworksBuildPhase;
			buildActionMask = 2147483647;
			files = (
			);
			runOnlyForDeploymentPostprocessing = 0;
		};
		560F2847223AA4FF00C97A14 /* Frameworks */ = {
			isa = PBXFrameworksBuildPhase;
			buildActionMask = 2147483647;
			files = (
			);
			runOnlyForDeploymentPostprocessing = 0;
		};
/* End PBXFrameworksBuildPhase section */

/* Begin PBXGroup section */
		560F2822223AA4FD00C97A14 = {
			isa = PBXGroup;
			children = (
				560F282D223AA4FD00C97A14 /* AgeApp */,
				560F2842223AA4FF00C97A14 /* AgeAppTests */,
				560F284D223AA4FF00C97A14 /* AgeAppUITests */,
				560F282C223AA4FD00C97A14 /* Products */,
			);
			sourceTree = "<group>";
		};
		560F282C223AA4FD00C97A14 /* Products */ = {
			isa = PBXGroup;
			children = (
				560F282B223AA4FD00C97A14 /* AgeApp.app */,
				560F283F223AA4FF00C97A14 /* AgeAppTests.xctest */,
				560F284A223AA4FF00C97A14 /* AgeAppUITests.xctest */,
			);
			name = Products;
			sourceTree = "<group>";
		};
		560F282D223AA4FD00C97A14 /* AgeApp */ = {
			isa = PBXGroup;
			children = (
				560F282E223AA4FD00C97A14 /* AppDelegate.swift */,
				560F2830223AA4FD00C97A14 /* ViewController.swift */,
				560F2832223AA4FD00C97A14 /* Main.storyboard */,
				560F2835223AA4FF00C97A14 /* Assets.xcassets */,
				560F2837223AA4FF00C97A14 /* LaunchScreen.storyboard */,
				560F283A223AA4FF00C97A14 /* Info.plist */,
			);
			path = AgeApp;
			sourceTree = "<group>";
		};
		560F2842223AA4FF00C97A14 /* AgeAppTests */ = {
			isa = PBXGroup;
			children = (
				560F2843223AA4FF00C97A14 /* AgeAppTests.swift */,
				560F2845223AA4FF00C97A14 /* Info.plist */,
			);
			path = AgeAppTests;
			sourceTree = "<group>";
		};
		560F284D223AA4FF00C97A14 /* AgeAppUITests */ = {
			isa = PBXGroup;
			children = (
				560F284E223AA4FF00C97A14 /* AgeAppUITests.swift */,
				560F2850223AA4FF00C97A14 /* Info.plist */,
			);
			path = AgeAppUITests;
			sourceTree = "<group>";
		};
/* End PBXGroup section */

/* Begin PBXNativeTarget section */
		560F282A223AA4FD00C97A14 /* AgeApp */ = {
			isa = PBXNativeTarget;
			buildConfigurationList = 560F2853223AA4FF00C97A14 /* Build configuration list for PBXNativeTarget "AgeApp" */;
			buildPhases = (
				560F2827223AA4FD00C97A14 /* Sources */,
				560F2828223AA4FD00C97A14 /* Frameworks */,
				560F2829223AA4FD00C97A14 /* Resources */,
			);
			buildRules = (
			);
			dependencies = (
			);
			name = AgeApp;
			productName = AgeApp;
			productReference = 560F282B223AA4FD00C97A14 /* AgeApp.app */;
			productType = "com.apple.product-type.application";
		};
		560F283E223AA4FF00C97A14 /* AgeAppTests */ = {
			isa = PBXNativeTarget;
			buildConfigurationList = 560F2856223AA4FF00C97A14 /* Build configuration list for PBXNativeTarget "AgeAppTests" */;
			buildPhases = (
				560F283B223AA4FF00C97A14 /* Sources */,
				560F283C223AA4FF00C97A14 /* Frameworks */,
				560F283D223AA4FF00C97A14 /* Resources */,
			);
			buildRules = (
			);
			dependencies = (
				560F2841223AA4FF00C97A14 /* PBXTargetDependency */,
			);
			name = AgeAppTests;
			productName = AgeAppTests;
			productReference = 560F283F223AA4FF00C97A14 /* AgeAppTests.xctest */;
			productType = "com.apple.product-type.bundle.unit-test";
		};
		560F2849223AA4FF00C97A14 /* AgeAppUITests */ = {
			isa = PBXNativeTarget;
			buildConfigurationList = 560F2859223AA4FF00C97A14 /* Build configuration list for PBXNativeTarget "AgeAppUITests" */;
			buildPhases = (
				560F2846223AA4FF00C97A14 /* Sources */,
				560F2847223AA4FF00C97A14 /* Frameworks */,
				560F2848223AA4FF00C97A14 /* Resources */,
			);
			buildRules = (
			);
			dependencies = (
				560F284C223AA4FF00C97A14 /* PBXTargetDependency */,
			);
			name = AgeAppUITests;
			productName = AgeAppUITests;
			productReference = 560F284A223AA4FF00C97A14 /* AgeAppUITests.xctest */;
			productType = "com.apple.product-type.bundle.ui-testing";
		};
/* End PBXNativeTarget section */

/* Begin PBXProject section */
		560F2823223AA4FD00C97A14 /* Project object */ = {
			isa = PBXProject;
			attributes = {
				LastSwiftUpdateCheck = 1010;
				LastUpgradeCheck = 1010;
				ORGANIZATIONNAME = "Kasra Daneshvar";
				TargetAttributes = {
					560F282A223AA4FD00C97A14 = {
						CreatedOnToolsVersion = 10.1;
					};
					560F283E223AA4FF00C97A14 = {
						CreatedOnToolsVersion = 10.1;
						TestTargetID = 560F282A223AA4FD00C97A14;
					};
					560F2849223AA4FF00C97A14 = {
						CreatedOnToolsVersion = 10.1;
						TestTargetID = 560F282A223AA4FD00C97A14;
					};
				};
			};
			buildConfigurationList = 560F2826223AA4FD00C97A14 /* Build configuration list for PBXProject "AgeApp" */;
			compatibilityVersion = "Xcode 9.3";
			developmentRegion = en;
			hasScannedForEncodings = 0;
			knownRegions = (
				en,
				Base,
			);
			mainGroup = 560F2822223AA4FD00C97A14;
			productRefGroup = 560F282C223AA4FD00C97A14 /* Products */;
			projectDirPath = "";
			projectRoot = "";
			targets = (
				560F282A223AA4FD00C97A14 /* AgeApp */,
				560F283E223AA4FF00C97A14 /* AgeAppTests */,
				560F2849223AA4FF00C97A14 /* AgeAppUITests */,
			);
		};
/* End PBXProject section */

/* Begin PBXResourcesBuildPhase section */
		560F2829223AA4FD00C97A14 /* Resources */ = {
			isa = PBXResourcesBuildPhase;
			buildActionMask = 2147483647;
			files = (
				560F2839223AA4FF00C97A14 /* LaunchScreen.storyboard in Resources */,
				560F2836223AA4FF00C97A14 /* Assets.xcassets in Resources */,
				560F2834223AA4FD00C97A14 /* Main.storyboard in Resources */,
			);
			runOnlyForDeploymentPostprocessing = 0;
		};
		560F283D223AA4FF00C97A14 /* Resources */ = {
			isa = PBXResourcesBuildPhase;
			buildActionMask = 2147483647;
			files = (
			);
			runOnlyForDeploymentPostprocessing = 0;
		};
		560F2848223AA4FF00C97A14 /* Resources */ = {
			isa = PBXResourcesBuildPhase;
			buildActionMask = 2147483647;
			files = (
			);
			runOnlyForDeploymentPostprocessing = 0;
		};
/* End PBXResourcesBuildPhase section */

/* Begin PBXSourcesBuildPhase section */
		560F2827223AA4FD00C97A14 /* Sources */ = {
			isa = PBXSourcesBuildPhase;
			buildActionMask = 2147483647;
			files = (
				560F2831223AA4FD00C97A14 /* ViewController.swift in Sources */,
				560F282F223AA4FD00C97A14 /* AppDelegate.swift in Sources */,
			);
			runOnlyForDeploymentPostprocessing = 0;
		};
		560F283B223AA4FF00C97A14 /* Sources */ = {
			isa = PBXSourcesBuildPhase;
			buildActionMask = 2147483647;
			files = (
				560F2844223AA4FF00C97A14 /* AgeAppTests.swift in Sources */,
			);
			runOnlyForDeploymentPostprocessing = 0;
		};
		560F2846223AA4FF00C97A14 /* Sources */ = {
			isa = PBXSourcesBuildPhase;
			buildActionMask = 2147483647;
			files = (
				560F284F223AA4FF00C97A14 /* AgeAppUITests.swift in Sources */,
			);
			runOnlyForDeploymentPostprocessing = 0;
		};
/* End PBXSourcesBuildPhase section */

/* Begin PBXTargetDependency section */
		560F2841223AA4FF00C97A14 /* PBXTargetDependency */ = {
			isa = PBXTargetDependency;
			target = 560F282A223AA4FD00C97A14 /* AgeApp */;
			targetProxy = 560F2840223AA4FF00C97A14 /* PBXContainerItemProxy */;
		};
		560F284C223AA4FF00C97A14 /* PBXTargetDependency */ = {
			isa = PBXTargetDependency;
			target = 560F282A223AA4FD00C97A14 /* AgeApp */;
			targetProxy = 560F284B223AA4FF00C97A14 /* PBXContainerItemProxy */;
		};
/* End PBXTargetDependency section */

/* Begin PBXVariantGroup section */
		560F2832223AA4FD00C97A14 /* Main.storyboard */ = {
			isa = PBXVariantGroup;
			children = (
				560F2833223AA4FD00C97A14 /* Base */,
			);
			name = Main.storyboard;
			sourceTree = "<group>";
		};
		560F2837223AA4FF00C97A14 /* LaunchScreen.storyboard */ = {
			isa = PBXVariantGroup;
			children = (
				560F2838223AA4FF00C97A14 /* Base */,
			);
			name = LaunchScreen.storyboard;
			sourceTree = "<group>";
		};
/* End PBXVariantGroup section */

/* Begin XCBuildConfiguration section */
		560F2851223AA4FF00C97A14 /* Debug */ = {
			isa = XCBuildConfiguration;
			buildSettings = {
				ALWAYS_SEARCH_USER_PATHS = NO;
				CLANG_ANALYZER_NONNULL = YES;
				CLANG_ANALYZER_NUMBER_OBJECT_CONVERSION = YES_AGGRESSIVE;
				CLANG_CXX_LANGUAGE_STANDARD = "gnu++14";
				CLANG_CXX_LIBRARY = "libc++";
				CLANG_ENABLE_MODULES = YES;
				CLANG_ENABLE_OBJC_ARC = YES;
				CLANG_ENABLE_OBJC_WEAK = YES;
				CLANG_WARN_BLOCK_CAPTURE_AUTORELEASING = YES;
				CLANG_WARN_BOOL_CONVERSION = YES;
				CLANG_WARN_COMMA = YES;
				CLANG_WARN_CONSTANT_CONVERSION = YES;
				CLANG_WARN_DEPRECATED_OBJC_IMPLEMENTATIONS = YES;
				CLANG_WARN_DIRECT_OBJC_ISA_USAGE = YES_ERROR;
				CLANG_WARN_DOCUMENTATION_COMMENTS = YES;
				CLANG_WARN_EMPTY_BODY = YES;
				CLANG_WARN_ENUM_CONVERSION = YES;
				CLANG_WARN_INFINITE_RECURSION = YES;
				CLANG_WARN_INT_CONVERSION = YES;
				CLANG_WARN_NON_LITERAL_NULL_CONVERSION = YES;
				CLANG_WARN_OBJC_IMPLICIT_RETAIN_SELF = YES;
				CLANG_WARN_OBJC_LITERAL_CONVERSION = YES;
				CLANG_WARN_OBJC_ROOT_CLASS = YES_ERROR;
				CLANG_WARN_RANGE_LOOP_ANALYSIS = YES;
				CLANG_WARN_STRICT_PROTOTYPES = YES;
				CLANG_WARN_SUSPICIOUS_MOVE = YES;
				CLANG_WARN_UNGUARDED_AVAILABILITY = YES_AGGRESSIVE;
				CLANG_WARN_UNREACHABLE_CODE = YES;
				CLANG_WARN__DUPLICATE_METHOD_MATCH = YES;
				CODE_SIGN_IDENTITY = "iPhone Developer";
				COPY_PHASE_STRIP = NO;
				DEBUG_INFORMATION_FORMAT = dwarf;
				ENABLE_STRICT_OBJC_MSGSEND = YES;
				ENABLE_TESTABILITY = YES;
				GCC_C_LANGUAGE_STANDARD = gnu11;
				GCC_DYNAMIC_NO_PIC = NO;
				GCC_NO_COMMON_BLOCKS = YES;
				GCC_OPTIMIZATION_LEVEL = 0;
				GCC_PREPROCESSOR_DEFINITIONS = (
					"DEBUG=1",
					"$(inherited)",
				);
				GCC_WARN_64_TO_32_BIT_CONVERSION = YES;
				GCC_WARN_ABOUT_RETURN_TYPE = YES_ERROR;
				GCC_WARN_UNDECLARED_SELECTOR = YES;
				GCC_WARN_UNINITIALIZED_AUTOS = YES_AGGRESSIVE;
				GCC_WARN_UNUSED_FUNCTION = YES;
				GCC_WARN_UNUSED_VARIABLE = YES;
				IPHONEOS_DEPLOYMENT_TARGET = 12.1;
				MTL_ENABLE_DEBUG_INFO = INCLUDE_SOURCE;
				MTL_FAST_MATH = YES;
				ONLY_ACTIVE_ARCH = YES;
				SDKROOT = iphoneos;
				SWIFT_ACTIVE_COMPILATION_CONDITIONS = DEBUG;
				SWIFT_OPTIMIZATION_LEVEL = "-Onone";
			};
			name = Debug;
		};
		560F2852223AA4FF00C97A14 /* Release */ = {
			isa = XCBuildConfiguration;
			buildSettings = {
				ALWAYS_SEARCH_USER_PATHS = NO;
				CLANG_ANALYZER_NONNULL = YES;
				CLANG_ANALYZER_NUMBER_OBJECT_CONVERSION = YES_AGGRESSIVE;
				CLANG_CXX_LANGUAGE_STANDARD = "gnu++14";
				CLANG_CXX_LIBRARY = "libc++";
				CLANG_ENABLE_MODULES = YES;
				CLANG_ENABLE_OBJC_ARC = YES;
				CLANG_ENABLE_OBJC_WEAK = YES;
				CLANG_WARN_BLOCK_CAPTURE_AUTORELEASING = YES;
				CLANG_WARN_BOOL_CONVERSION = YES;
				CLANG_WARN_COMMA = YES;
				CLANG_WARN_CONSTANT_CONVERSION = YES;
				CLANG_WARN_DEPRECATED_OBJC_IMPLEMENTATIONS = YES;
				CLANG_WARN_DIRECT_OBJC_ISA_USAGE = YES_ERROR;
				CLANG_WARN_DOCUMENTATION_COMMENTS = YES;
				CLANG_WARN_EMPTY_BODY = YES;
				CLANG_WARN_ENUM_CONVERSION = YES;
				CLANG_WARN_INFINITE_RECURSION = YES;
				CLANG_WARN_INT_CONVERSION = YES;
				CLANG_WARN_NON_LITERAL_NULL_CONVERSION = YES;
				CLANG_WARN_OBJC_IMPLICIT_RETAIN_SELF = YES;
				CLANG_WARN_OBJC_LITERAL_CONVERSION = YES;
				CLANG_WARN_OBJC_ROOT_CLASS = YES_ERROR;
				CLANG_WARN_RANGE_LOOP_ANALYSIS = YES;
				CLANG_WARN_STRICT_PROTOTYPES = YES;
				CLANG_WARN_SUSPICIOUS_MOVE = YES;
				CLANG_WARN_UNGUARDED_AVAILABILITY = YES_AGGRESSIVE;
				CLANG_WARN_UNREACHABLE_CODE = YES;
				CLANG_WARN__DUPLICATE_METHOD_MATCH = YES;
				CODE_SIGN_IDENTITY = "iPhone Developer";
				COPY_PHASE_STRIP = NO;
				DEBUG_INFORMATION_FORMAT = "dwarf-with-dsym";
				ENABLE_NS_ASSERTIONS = NO;
				ENABLE_STRICT_OBJC_MSGSEND = YES;
				GCC_C_LANGUAGE_STANDARD = gnu11;
				GCC_NO_COMMON_BLOCKS = YES;
				GCC_WARN_64_TO_32_BIT_CONVERSION = YES;
				GCC_WARN_ABOUT_RETURN_TYPE = YES_ERROR;
				GCC_WARN_UNDECLARED_SELECTOR = YES;
				GCC_WARN_UNINITIALIZED_AUTOS = YES_AGGRESSIVE;
				GCC_WARN_UNUSED_FUNCTION = YES;
				GCC_WARN_UNUSED_VARIABLE = YES;
				IPHONEOS_DEPLOYMENT_TARGET = 12.1;
				MTL_ENABLE_DEBUG_INFO = NO;
				MTL_FAST_MATH = YES;
				SDKROOT = iphoneos;
				SWIFT_COMPILATION_MODE = wholemodule;
				SWIFT_OPTIMIZATION_LEVEL = "-O";
				VALIDATE_PRODUCT = YES;
			};
			name = Release;
		};
		560F2854223AA4FF00C97A14 /* Debug */ = {
			isa = XCBuildConfiguration;
			buildSettings = {
				ASSETCATALOG_COMPILER_APPICON_NAME = AppIcon;
				CODE_SIGN_STYLE = Automatic;
				INFOPLIST_FILE = AgeApp/Info.plist;
				LD_RUNPATH_SEARCH_PATHS = (
					"$(inherited)",
					"@executable_path/Frameworks",
				);
				PRODUCT_BUNDLE_IDENTIFIER = com.kadan.AgeApp;
				PRODUCT_NAME = "$(TARGET_NAME)";
				SWIFT_VERSION = 4.2;
				TARGETED_DEVICE_FAMILY = "1,2";
			};
			name = Debug;
		};
		560F2855223AA4FF00C97A14 /* Release */ = {
			isa = XCBuildConfiguration;
			buildSettings = {
				ASSETCATALOG_COMPILER_APPICON_NAME = AppIcon;
				CODE_SIGN_STYLE = Automatic;
				INFOPLIST_FILE = AgeApp/Info.plist;
				LD_RUNPATH_SEARCH_PATHS = (
					"$(inherited)",
					"@executable_path/Frameworks",
				);
				PRODUCT_BUNDLE_IDENTIFIER = com.kadan.AgeApp;
				PRODUCT_NAME = "$(TARGET_NAME)";
				SWIFT_VERSION = 4.2;
				TARGETED_DEVICE_FAMILY = "1,2";
			};
			name = Release;
		};
		560F2857223AA4FF00C97A14 /* Debug */ = {
			isa = XCBuildConfiguration;
			buildSettings = {
				ALWAYS_EMBED_SWIFT_STANDARD_LIBRARIES = YES;
				BUNDLE_LOADER = "$(TEST_HOST)";
				CODE_SIGN_STYLE = Automatic;
				INFOPLIST_FILE = AgeAppTests/Info.plist;
				LD_RUNPATH_SEARCH_PATHS = (
					"$(inherited)",
					"@executable_path/Frameworks",
					"@loader_path/Frameworks",
				);
				PRODUCT_BUNDLE_IDENTIFIER = com.kadan.AgeAppTests;
				PRODUCT_NAME = "$(TARGET_NAME)";
				SWIFT_VERSION = 4.2;
				TARGETED_DEVICE_FAMILY = "1,2";
				TEST_HOST = "$(BUILT_PRODUCTS_DIR)/AgeApp.app/AgeApp";
			};
			name = Debug;
		};
		560F2858223AA4FF00C97A14 /* Release */ = {
			isa = XCBuildConfiguration;
			buildSettings = {
				ALWAYS_EMBED_SWIFT_STANDARD_LIBRARIES = YES;
				BUNDLE_LOADER = "$(TEST_HOST)";
				CODE_SIGN_STYLE = Automatic;
				INFOPLIST_FILE = AgeAppTests/Info.plist;
				LD_RUNPATH_SEARCH_PATHS = (
					"$(inherited)",
					"@executable_path/Frameworks",
					"@loader_path/Frameworks",
				);
				PRODUCT_BUNDLE_IDENTIFIER = com.kadan.AgeAppTests;
				PRODUCT_NAME = "$(TARGET_NAME)";
				SWIFT_VERSION = 4.2;
				TARGETED_DEVICE_FAMILY = "1,2";
				TEST_HOST = "$(BUILT_PRODUCTS_DIR)/AgeApp.app/AgeApp";
			};
			name = Release;
		};
		560F285A223AA4FF00C97A14 /* Debug */ = {
			isa = XCBuildConfiguration;
			buildSettings = {
				ALWAYS_EMBED_SWIFT_STANDARD_LIBRARIES = YES;
				CODE_SIGN_STYLE = Automatic;
				INFOPLIST_FILE = AgeAppUITests/Info.plist;
				LD_RUNPATH_SEARCH_PATHS = (
					"$(inherited)",
					"@executable_path/Frameworks",
					"@loader_path/Frameworks",
				);
				PRODUCT_BUNDLE_IDENTIFIER = com.kadan.AgeAppUITests;
				PRODUCT_NAME = "$(TARGET_NAME)";
				SWIFT_VERSION = 4.2;
				TARGETED_DEVICE_FAMILY = "1,2";
				TEST_TARGET_NAME = AgeApp;
			};
			name = Debug;
		};
		560F285B223AA4FF00C97A14 /* Release */ = {
			isa = XCBuildConfiguration;
			buildSettings = {
				ALWAYS_EMBED_SWIFT_STANDARD_LIBRARIES = YES;
				CODE_SIGN_STYLE = Automatic;
				INFOPLIST_FILE = AgeAppUITests/Info.plist;
				LD_RUNPATH_SEARCH_PATHS = (
					"$(inherited)",
					"@executable_path/Frameworks",
					"@loader_path/Frameworks",
				);
				PRODUCT_BUNDLE_IDENTIFIER = com.kadan.AgeAppUITests;
				PRODUCT_NAME = "$(TARGET_NAME)";
				SWIFT_VERSION = 4.2;
				TARGETED_DEVICE_FAMILY = "1,2";
				TEST_TARGET_NAME = AgeApp;
			};
			name = Release;
		};
/* End XCBuildConfiguration section */

/* Begin XCConfigurationList section */
		560F2826223AA4FD00C97A14 /* Build configuration list for PBXProject "AgeApp" */ = {
			isa = XCConfigurationList;
			buildConfigurations = (
				560F2851223AA4FF00C97A14 /* Debug */,
				560F2852223AA4FF00C97A14 /* Release */,
			);
			defaultConfigurationIsVisible = 0;
			defaultConfigurationName = Release;
		};
		560F2853223AA4FF00C97A14 /* Build configuration list for PBXNativeTarget "AgeApp" */ = {
			isa = XCConfigurationList;
			buildConfigurations = (
				560F2854223AA4FF00C97A14 /* Debug */,
				560F2855223AA4FF00C97A14 /* Release */,
			);
			defaultConfigurationIsVisible = 0;
			defaultConfigurationName = Release;
		};
		560F2856223AA4FF00C97A14 /* Build configuration list for PBXNativeTarget "AgeAppTests" */ = {
			isa = XCConfigurationList;
			buildConfigurations = (
				560F2857223AA4FF00C97A14 /* Debug */,
				560F2858223AA4FF00C97A14 /* Release */,
			);
			defaultConfigurationIsVisible = 0;
			defaultConfigurationName = Release;
		};
		560F2859223AA4FF00C97A14 /* Build configuration list for PBXNativeTarget "AgeAppUITests" */ = {
			isa = XCConfigurationList;
			buildConfigurations = (
				560F285A223AA4FF00C97A14 /* Debug */,
				560F285B223AA4FF00C97A14 /* Release */,
			);
			defaultConfigurationIsVisible = 0;
			defaultConfigurationName = Release;
		};
/* End XCConfigurationList section */
	};
	rootObject = 560F2823223AA4FD00C97A14 /* Project object */;
}
